
Microsoft Visual Studio Solution File, Format Version 12.00
# Visual Studio Version 16
VisualStudioVersion = 16.0.28803.916
MinimumVisualStudioVersion = 10.0.40219.1
Project("{00D1A9C2-B5F0-4AF3-8072-F6C62B433612}") = "SqlServerDemoCICD", "SqlServerDemoCICD\SqlServerDemoCICD.sqlproj", "{DC25B286-FD14-4018-9703-0087AC004EED}"
EndProject
Global
	GlobalSection(SolutionConfigurationPlatforms) = preSolution
		Debug|Any CPU = Debug|Any CPU
		Release|Any CPU = Release|Any CPU
	EndGlobalSection
	GlobalSection(ProjectConfigurationPlatforms) = postSolution
		{DC25B286-FD14-4018-9703-0087AC004EED}.Debug|Any CPU.ActiveCfg = Debug|Any CPU
		{DC25B286-FD14-4018-9703-0087AC004EED}.Debug|Any CPU.Build.0 = Debug|Any CPU
		{DC25B286-FD14-4018-9703-0087AC004EED}.Debug|Any CPU.Deploy.0 = Debug|Any CPU
		{DC25B286-FD14-4018-9703-0087AC004EED}.Release|Any CPU.ActiveCfg = Release|Any CPU
		{DC25B286-FD14-4018-9703-0087AC004EED}.Release|Any CPU.Build.0 = Release|Any CPU
		{DC25B286-FD14-4018-9703-0087AC004EED}.Release|Any CPU.Deploy.0 = Release|Any CPU
	EndGlobalSection
	GlobalSection(SolutionProperties) = preSolution
		HideSolutionNode = FALSE
	EndGlobalSection
	GlobalSection(ExtensibilityGlobals) = postSolution
		SolutionGuid = {B5F486F0-CF57-45DD-BCBE-07AF95DCB699}
	EndGlobalSection
EndGlobal
